
Microsoft Visual Studio Solution File, Format Version 12.00
# Visual Studio Version 16
VisualStudioVersion = 16.0.31321.278
MinimumVisualStudioVersion = 10.0.40219.1
Project("{8BC9CEB8-8B4A-11D0-8D11-00A0C91BC942}") = "MPI_Ass_DS", "MPI_Ass_DS.vcxproj", "{4F6E4B6C-B28A-4359-A04A-11E9DABF6A4D}"
EndProject
Global
	GlobalSection(SolutionConfigurationPlatforms) = preSolution
		Debug|x64 = Debug|x64
		Debug|x86 = Debug|x86
		Release|x64 = Release|x64
		Release|x86 = Release|x86
	EndGlobalSection
	GlobalSection(ProjectConfigurationPlatforms) = postSolution
		{4F6E4B6C-B28A-4359-A04A-11E9DABF6A4D}.Debug|x64.ActiveCfg = Debug|x64
		{4F6E4B6C-B28A-4359-A04A-11E9DABF6A4D}.Debug|x64.Build.0 = Debug|x64
		{4F6E4B6C-B28A-4359-A04A-11E9DABF6A4D}.Debug|x86.ActiveCfg = Debug|Win32
		{4F6E4B6C-B28A-4359-A04A-11E9DABF6A4D}.Debug|x86.Build.0 = Debug|Win32
		{4F6E4B6C-B28A-4359-A04A-11E9DABF6A4D}.Release|x64.ActiveCfg = Release|x64
		{4F6E4B6C-B28A-4359-A04A-11E9DABF6A4D}.Release|x64.Build.0 = Release|x64
		{4F6E4B6C-B28A-4359-A04A-11E9DABF6A4D}.Release|x86.ActiveCfg = Release|Win32
		{4F6E4B6C-B28A-4359-A04A-11E9DABF6A4D}.Release|x86.Build.0 = Release|Win32
	EndGlobalSection
	GlobalSection(SolutionProperties) = preSolution
		HideSolutionNode = FALSE
	EndGlobalSection
	GlobalSection(ExtensibilityGlobals) = postSolution
		SolutionGuid = {5CEDBE5D-6E45-43B2-A27A-DB26B2CA79E2}
	EndGlobalSection
EndGlobal
